
Microsoft Visual Studio Solution File, Format Version 12.00
# Visual Studio Version 16
VisualStudioVersion = 16.0.30114.105
MinimumVisualStudioVersion = 10.0.40219.1
Project("{FAE04EC0-301F-11D3-BF4B-00C04F79EFBC}") = "Tizen.Flutter.Embedding", "Tizen.Flutter.Embedding\Tizen.Flutter.Embedding.csproj", "{0CC0A892-44C5-4DD1-AB27-C161F9DFF93C}"
EndProject
Project("{FAE04EC0-301F-11D3-BF4B-00C04F79EFBC}") = "Tizen.Flutter.Embedding.Tests", "Tizen.Flutter.Embedding.Tests\Tizen.Flutter.Embedding.Tests.csproj", "{4295B752-6961-4A41-877E-E6B66FDFAA79}"
EndProject
Global
	GlobalSection(SolutionConfigurationPlatforms) = preSolution
		Debug|Any CPU = Debug|Any CPU
		Debug|x64 = Debug|x64
		Debug|x86 = Debug|x86
		Release|Any CPU = Release|Any CPU
		Release|x64 = Release|x64
		Release|x86 = Release|x86
	EndGlobalSection
	GlobalSection(SolutionProperties) = preSolution
		HideSolutionNode = FALSE
	EndGlobalSection
	GlobalSection(ProjectConfigurationPlatforms) = postSolution
		{0CC0A892-44C5-4DD1-AB27-C161F9DFF93C}.Debug|Any CPU.ActiveCfg = Debug|Any CPU
		{0CC0A892-44C5-4DD1-AB27-C161F9DFF93C}.Debug|Any CPU.Build.0 = Debug|Any CPU
		{0CC0A892-44C5-4DD1-AB27-C161F9DFF93C}.Debug|x64.ActiveCfg = Debug|Any CPU
		{0CC0A892-44C5-4DD1-AB27-C161F9DFF93C}.Debug|x64.Build.0 = Debug|Any CPU
		{0CC0A892-44C5-4DD1-AB27-C161F9DFF93C}.Debug|x86.ActiveCfg = Debug|Any CPU
		{0CC0A892-44C5-4DD1-AB27-C161F9DFF93C}.Debug|x86.Build.0 = Debug|Any CPU
		{0CC0A892-44C5-4DD1-AB27-C161F9DFF93C}.Release|Any CPU.ActiveCfg = Release|Any CPU
		{0CC0A892-44C5-4DD1-AB27-C161F9DFF93C}.Release|Any CPU.Build.0 = Release|Any CPU
		{0CC0A892-44C5-4DD1-AB27-C161F9DFF93C}.Release|x64.ActiveCfg = Release|Any CPU
		{0CC0A892-44C5-4DD1-AB27-C161F9DFF93C}.Release|x64.Build.0 = Release|Any CPU
		{0CC0A892-44C5-4DD1-AB27-C161F9DFF93C}.Release|x86.ActiveCfg = Release|Any CPU
		{0CC0A892-44C5-4DD1-AB27-C161F9DFF93C}.Release|x86.Build.0 = Release|Any CPU
		{4295B752-6961-4A41-877E-E6B66FDFAA79}.Debug|Any CPU.ActiveCfg = Debug|Any CPU
		{4295B752-6961-4A41-877E-E6B66FDFAA79}.Debug|Any CPU.Build.0 = Debug|Any CPU
		{4295B752-6961-4A41-877E-E6B66FDFAA79}.Debug|x64.ActiveCfg = Debug|Any CPU
		{4295B752-6961-4A41-877E-E6B66FDFAA79}.Debug|x64.Build.0 = Debug|Any CPU
		{4295B752-6961-4A41-877E-E6B66FDFAA79}.Debug|x86.ActiveCfg = Debug|Any CPU
		{4295B752-6961-4A41-877E-E6B66FDFAA79}.Debug|x86.Build.0 = Debug|Any CPU
		{4295B752-6961-4A41-877E-E6B66FDFAA79}.Release|Any CPU.ActiveCfg = Release|Any CPU
		{4295B752-6961-4A41-877E-E6B66FDFAA79}.Release|Any CPU.Build.0 = Release|Any CPU
		{4295B752-6961-4A41-877E-E6B66FDFAA79}.Release|x64.ActiveCfg = Release|Any CPU
		{4295B752-6961-4A41-877E-E6B66FDFAA79}.Release|x64.Build.0 = Release|Any CPU
		{4295B752-6961-4A41-877E-E6B66FDFAA79}.Release|x86.ActiveCfg = Release|Any CPU
		{4295B752-6961-4A41-877E-E6B66FDFAA79}.Release|x86.Build.0 = Release|Any CPU
	EndGlobalSection
EndGlobal
